{
  "name": "demo",
  "version": "1.0.0",
  "lockfileVersion": 1,
  "requires": true,
  "dependencies": {
    "give-me-an-avatar": {
      "version": "0.3.0",
      "resolved": "https://registry.npmjs.org/give-me-an-avatar/-/give-me-an-avatar-0.3.0.tgz",
      "integrity": "sha512-PCr+FguH12fErGp7csz0QT09xT0aF/JXUZgiHzsQXP94Bpp+dbKJlqK+MH3chl+9LFCT6kRx+a68OcQeQ1Wuzw==",
      "dev": true
    }
  }
}
