{
  "name": "demo",
  "version": "1.0.0",
  "lockfileVersion": 1,
  "requires": true,
  "dependencies": {
    "give-me-an-avatar": {
      "version": "0.4.1",
      "resolved": "https://registry.npmjs.org/give-me-an-avatar/-/give-me-an-avatar-0.4.1.tgz",
      "integrity": "sha512-6FS/nCxbur1yMFx3Gwil9Xh7/0RWo7jzKMSGBFftbqiuFWVkmFzfnNO3lc/1ef2LovO6hhkpjuRJ1AF4sFVUFw==",
      "dev": true
    }
  }
}
